# This file is generated by running "yarn install" inside your project.
# Manual changes might be lost - proceed with caution!

__metadata:
  version: 8
  cacheKey: 10c0

"root-workspace-0b6124@workspace:.":
  version: 0.0.0-use.local
  resolution: "root-workspace-0b6124@workspace:."
  dependencies:
    zenn-cli: "npm:^0.1.153"
  languageName: unknown
  linkType: soft

"zenn-cli@npm:^0.1.153":
  version: 0.1.153
  resolution: "zenn-cli@npm:0.1.153"
  bin:
    zenn: dist/server/zenn.js
  checksum: 10c0/6ebfdf79b2c3afa7bb0214e0583d280ca5ec94951f9a3f7932e762257f12591a00b9590dce736b0594b966b5676dbf7978afe81053d63235f38e28b3b153ae38
  languageName: node
  linkType: hard
